
Microsoft Visual Studio Solution File, Format Version 12.00
# Visual Studio Version 17
VisualStudioVersion = 17.14.36401.2 d17.14
MinimumVisualStudioVersion = 10.0.40219.1
Project("{FAE04EC0-301F-11D3-BF4B-00C04F79EFBC}") = "PuntoDeVentaGameBox", "PuntoDeVentaGameBox\PuntoDeVentaGameBox.csproj", "{B593A87B-2E6F-4F82-B55D-8BE0F0CABBD3}"
EndProject
Global
	GlobalSection(SolutionConfigurationPlatforms) = preSolution
		Debug|Any CPU = Debug|Any CPU
		Release|Any CPU = Release|Any CPU
	EndGlobalSection
	GlobalSection(ProjectConfigurationPlatforms) = postSolution
		{B593A87B-2E6F-4F82-B55D-8BE0F0CABBD3}.Debug|Any CPU.ActiveCfg = Debug|Any CPU
		{B593A87B-2E6F-4F82-B55D-8BE0F0CABBD3}.Debug|Any CPU.Build.0 = Debug|Any CPU
		{B593A87B-2E6F-4F82-B55D-8BE0F0CABBD3}.Release|Any CPU.ActiveCfg = Release|Any CPU
		{B593A87B-2E6F-4F82-B55D-8BE0F0CABBD3}.Release|Any CPU.Build.0 = Release|Any CPU
	EndGlobalSection
	GlobalSection(SolutionProperties) = preSolution
		HideSolutionNode = FALSE
	EndGlobalSection
	GlobalSection(ExtensibilityGlobals) = postSolution
		SolutionGuid = {C0C840AA-CFFE-483E-8EB7-93C0CBCEE461}
	EndGlobalSection
EndGlobal
